{
  "requires": true,
  "lockfileVersion": 1,
  "dependencies": {
    "vue-notifications": {
      "version": "1.0.2",
      "resolved": "https://registry.npmjs.org/vue-notifications/-/vue-notifications-1.0.2.tgz",
      "integrity": "sha512-D9a3bhqW18tf4uRqFwh3Q0vIlcP9ipVnieyX2hAb/bqrGyVAx/JWPTqky7py9mU/DDaL5BY49MJzsctIDr7i2g=="
    }
  }
}
